
Microsoft Visual Studio Solution File, Format Version 12.00
# Visual Studio Version 17
VisualStudioVersion = 17.0.31903.59
MinimumVisualStudioVersion = 10.0.40219.1
Project("{9A19103F-16F7-4668-BE54-9A1E7A4F7556}") = "AspireYouTubeSummariser.WebApp", "AspireYouTubeSummariser.WebApp\AspireYouTubeSummariser.WebApp.csproj", "{6147265D-E320-44B4-8069-03AE58C4350F}"
EndProject
Project("{9A19103F-16F7-4668-BE54-9A1E7A4F7556}") = "AspireYouTubeSummariser.ApiApp", "AspireYouTubeSummariser.ApiApp\AspireYouTubeSummariser.ApiApp.csproj", "{3053C126-C1E1-4FC8-87BB-EDB2484BDC40}"
EndProject
Project("{FAE04EC0-301F-11D3-BF4B-00C04F79EFBC}") = "AspireYouTubeSummariser.AppHost", "AspireYouTubeSummariser.AppHost\AspireYouTubeSummariser.AppHost.csproj", "{C90F6EED-BD08-4FBF-8F37-551D6FD0437F}"
EndProject
Project("{9A19103F-16F7-4668-BE54-9A1E7A4F7556}") = "AspireYouTubeSummariser.ServiceDefaults", "AspireYouTubeSummariser.ServiceDefaults\AspireYouTubeSummariser.ServiceDefaults.csproj", "{947ABBB9-4E15-4BF0-847C-DE4CB97FF237}"
EndProject
Global
	GlobalSection(SolutionConfigurationPlatforms) = preSolution
		Debug|Any CPU = Debug|Any CPU
		Release|Any CPU = Release|Any CPU
	EndGlobalSection
	GlobalSection(ProjectConfigurationPlatforms) = postSolution
		{6147265D-E320-44B4-8069-03AE58C4350F}.Debug|Any CPU.ActiveCfg = Debug|Any CPU
		{6147265D-E320-44B4-8069-03AE58C4350F}.Debug|Any CPU.Build.0 = Debug|Any CPU
		{6147265D-E320-44B4-8069-03AE58C4350F}.Release|Any CPU.ActiveCfg = Release|Any CPU
		{6147265D-E320-44B4-8069-03AE58C4350F}.Release|Any CPU.Build.0 = Release|Any CPU
		{3053C126-C1E1-4FC8-87BB-EDB2484BDC40}.Debug|Any CPU.ActiveCfg = Debug|Any CPU
		{3053C126-C1E1-4FC8-87BB-EDB2484BDC40}.Debug|Any CPU.Build.0 = Debug|Any CPU
		{3053C126-C1E1-4FC8-87BB-EDB2484BDC40}.Release|Any CPU.ActiveCfg = Release|Any CPU
		{3053C126-C1E1-4FC8-87BB-EDB2484BDC40}.Release|Any CPU.Build.0 = Release|Any CPU
		{C90F6EED-BD08-4FBF-8F37-551D6FD0437F}.Debug|Any CPU.ActiveCfg = Debug|Any CPU
		{C90F6EED-BD08-4FBF-8F37-551D6FD0437F}.Debug|Any CPU.Build.0 = Debug|Any CPU
		{C90F6EED-BD08-4FBF-8F37-551D6FD0437F}.Release|Any CPU.ActiveCfg = Release|Any CPU
		{C90F6EED-BD08-4FBF-8F37-551D6FD0437F}.Release|Any CPU.Build.0 = Release|Any CPU
		{947ABBB9-4E15-4BF0-847C-DE4CB97FF237}.Debug|Any CPU.ActiveCfg = Debug|Any CPU
		{947ABBB9-4E15-4BF0-847C-DE4CB97FF237}.Debug|Any CPU.Build.0 = Debug|Any CPU
		{947ABBB9-4E15-4BF0-847C-DE4CB97FF237}.Release|Any CPU.ActiveCfg = Release|Any CPU
		{947ABBB9-4E15-4BF0-847C-DE4CB97FF237}.Release|Any CPU.Build.0 = Release|Any CPU
	EndGlobalSection
	GlobalSection(SolutionProperties) = preSolution
		HideSolutionNode = FALSE
	EndGlobalSection
	GlobalSection(ExtensibilityGlobals) = postSolution
		SolutionGuid = {C4092E54-2236-42A1-A5BA-69EFFABD496F}
	EndGlobalSection
EndGlobal
